
Microsoft Visual Studio Solution File, Format Version 12.00
# Visual Studio Version 16
VisualStudioVersion = 16.0.30114.105
MinimumVisualStudioVersion = 10.0.40219.1
Project("{FAE04EC0-301F-11D3-BF4B-00C04F79EFBC}") = "DistributedCachingPoC.Application", "DistributedCachingPoC.Application\DistributedCachingPoC.Application.csproj", "{A81187C5-8570-4E49-BF47-A5A6AAD37F8E}"
EndProject
Project("{FAE04EC0-301F-11D3-BF4B-00C04F79EFBC}") = "DistributedCachingPoC.Core", "DistributedCachingPoC.Core\DistributedCachingPoC.Core.csproj", "{DF62AECD-7639-4884-B3AC-066FC4F78614}"
EndProject
Project("{FAE04EC0-301F-11D3-BF4B-00C04F79EFBC}") = "DistributedCachingPoC.WebUI", "DistributedCachingPoC.WebUI\DistributedCachingPoC.WebUI.csproj", "{0E74C253-CCA5-46D9-84B2-D2DBCCA0B69F}"
EndProject
Global
	GlobalSection(SolutionConfigurationPlatforms) = preSolution
		Debug|Any CPU = Debug|Any CPU
		Release|Any CPU = Release|Any CPU
	EndGlobalSection
	GlobalSection(SolutionProperties) = preSolution
		HideSolutionNode = FALSE
	EndGlobalSection
	GlobalSection(ProjectConfigurationPlatforms) = postSolution
		{A81187C5-8570-4E49-BF47-A5A6AAD37F8E}.Debug|Any CPU.ActiveCfg = Debug|Any CPU
		{A81187C5-8570-4E49-BF47-A5A6AAD37F8E}.Debug|Any CPU.Build.0 = Debug|Any CPU
		{A81187C5-8570-4E49-BF47-A5A6AAD37F8E}.Release|Any CPU.ActiveCfg = Release|Any CPU
		{A81187C5-8570-4E49-BF47-A5A6AAD37F8E}.Release|Any CPU.Build.0 = Release|Any CPU
		{DF62AECD-7639-4884-B3AC-066FC4F78614}.Debug|Any CPU.ActiveCfg = Debug|Any CPU
		{DF62AECD-7639-4884-B3AC-066FC4F78614}.Debug|Any CPU.Build.0 = Debug|Any CPU
		{DF62AECD-7639-4884-B3AC-066FC4F78614}.Release|Any CPU.ActiveCfg = Release|Any CPU
		{DF62AECD-7639-4884-B3AC-066FC4F78614}.Release|Any CPU.Build.0 = Release|Any CPU
		{0E74C253-CCA5-46D9-84B2-D2DBCCA0B69F}.Debug|Any CPU.ActiveCfg = Debug|Any CPU
		{0E74C253-CCA5-46D9-84B2-D2DBCCA0B69F}.Debug|Any CPU.Build.0 = Debug|Any CPU
		{0E74C253-CCA5-46D9-84B2-D2DBCCA0B69F}.Release|Any CPU.ActiveCfg = Release|Any CPU
		{0E74C253-CCA5-46D9-84B2-D2DBCCA0B69F}.Release|Any CPU.Build.0 = Release|Any CPU
	EndGlobalSection
EndGlobal
